// !$*UTF8*$!
{
	archiveVersion = 1;
	classes = {
	};
	objectVersion = 54;
	objects = {

/* Begin PBXBuildFile section */
		00E356F31AD99517003FC87E /* colaboreTests.m in Sources */ = {isa = PBXBuildFile; fileRef = 00E356F21AD99517003FC87E /* colaboreTests.m */; };
		0C80B921A6F3F58F76C31292 /* libPods-colabore.a in Frameworks */ = {isa = PBXBuildFile; fileRef = 5DCACB8F33CDC322A6C60F78 /* libPods-colabore.a */; };
		13B07FBC1A68108700A75B9A /* AppDelegate.mm in Sources */ = {isa = PBXBuildFile; fileRef = 13B07FB01A68108700A75B9A /* AppDelegate.mm */; };
		13B07FBF1A68108700A75B9A /* Images.xcassets in Resources */ = {isa = PBXBuildFile; fileRef = 13B07FB51A68108700A75B9A /* Images.xcassets */; };
		13B07FC11A68108700A75B9A /* main.m in Sources */ = {isa = PBXBuildFile; fileRef = 13B07FB71A68108700A75B9A /* main.m */; };
		7699B88040F8A987B510C191 /* libPods-colabore-colaboreTests.a in Frameworks */ = {isa = PBXBuildFile; fileRef = 19F6CBCC0A4E27FBF8BF4A61 /* libPods-colabore-colaboreTests.a */; };
		81AB9BB82411601600AC10FF /* LaunchScreen.storyboard in Resources */ = {isa = PBXBuildFile; fileRef = 81AB9BB72411601600AC10FF /* LaunchScreen.storyboard */; };
		4CE72375AEC5478C89876776 /* Inter_18pt-Black.ttf in Resources */ = {isa = PBXBuildFile; fileRef = 77BCF582BDB7499BAA92C125 /* Inter_18pt-Black.ttf */; };
		14B9709B621D40E0AB942CA3 /* Inter_18pt-BlackItalic.ttf in Resources */ = {isa = PBXBuildFile; fileRef = 8738BE8F45914833A21655E5 /* Inter_18pt-BlackItalic.ttf */; };
		CA7759E7D1114464A8336944 /* Inter_18pt-Bold.ttf in Resources */ = {isa = PBXBuildFile; fileRef = 446C394A619D44AE9557D6A2 /* Inter_18pt-Bold.ttf */; };
		62182643AFF04F1BB4D2BB41 /* Inter_18pt-BoldItalic.ttf in Resources */ = {isa = PBXBuildFile; fileRef = 60D56A3FD56E4C7CB55FFCB2 /* Inter_18pt-BoldItalic.ttf */; };
		E4DBB8CCC46F49E398D194CE /* Inter_18pt-ExtraBold.ttf in Resources */ = {isa = PBXBuildFile; fileRef = FD47B5BF8F2B46ABA381A2C2 /* Inter_18pt-ExtraBold.ttf */; };
		34FAC67CB617440D8D0B074D /* Inter_18pt-ExtraBoldItalic.ttf in Resources */ = {isa = PBXBuildFile; fileRef = 9DFAF3E1FFF14F1BA02D5A33 /* Inter_18pt-ExtraBoldItalic.ttf */; };
		C6D70114D2ED4BCD9276252A /* Inter_18pt-ExtraLight.ttf in Resources */ = {isa = PBXBuildFile; fileRef = BA117837A44A46CAB44E5888 /* Inter_18pt-ExtraLight.ttf */; };
		FB663331C3304C549AADC8E8 /* Inter_18pt-ExtraLightItalic.ttf in Resources */ = {isa = PBXBuildFile; fileRef = BB0B1D8E4CDA4AC081309BE7 /* Inter_18pt-ExtraLightItalic.ttf */; };
		C5EBA27E7E6049389FFB3A7B /* Inter_18pt-Italic.ttf in Resources */ = {isa = PBXBuildFile; fileRef = 2E61D45F963A4728A7577EBC /* Inter_18pt-Italic.ttf */; };
		DA6CA154AC1D46C2A3C30B52 /* Inter_18pt-Light.ttf in Resources */ = {isa = PBXBuildFile; fileRef = 88861FCB4EB54200AD60DF02 /* Inter_18pt-Light.ttf */; };
		BB0338573F834BC085D0CE89 /* Inter_18pt-LightItalic.ttf in Resources */ = {isa = PBXBuildFile; fileRef = 15C3A5331D8A4E35AA7DAF56 /* Inter_18pt-LightItalic.ttf */; };
		DD14020E61174F2E82AA8C67 /* Inter_18pt-Medium.ttf in Resources */ = {isa = PBXBuildFile; fileRef = B54F530A31A84E2983FDC675 /* Inter_18pt-Medium.ttf */; };
		BE82E2FB9D104C168D6FCA0E /* Inter_18pt-MediumItalic.ttf in Resources */ = {isa = PBXBuildFile; fileRef = 8F5AE6A731FE42688A39F8CF /* Inter_18pt-MediumItalic.ttf */; };
		14BF31292A5142FE9EE72562 /* Inter_18pt-Regular.ttf in Resources */ = {isa = PBXBuildFile; fileRef = 8C63EB9F4E494F9DBEF92C07 /* Inter_18pt-Regular.ttf */; };
		EB2538DA52CA49C9929E0C8E /* Inter_18pt-SemiBold.ttf in Resources */ = {isa = PBXBuildFile; fileRef = 1E980E0075674F3AA3A08BAF /* Inter_18pt-SemiBold.ttf */; };
		F29E356EA0044EDEA476663E /* Inter_18pt-SemiBoldItalic.ttf in Resources */ = {isa = PBXBuildFile; fileRef = 182F7F8996A14C29AFECB258 /* Inter_18pt-SemiBoldItalic.ttf */; };
		FC47C7591F264356B50A0EFD /* Inter_18pt-Thin.ttf in Resources */ = {isa = PBXBuildFile; fileRef = 2DD67476C07748899BEB022D /* Inter_18pt-Thin.ttf */; };
		E29EAFD5070E4BDA9F1B2B29 /* Inter_18pt-ThinItalic.ttf in Resources */ = {isa = PBXBuildFile; fileRef = C5D4B41C90EB45BEABADA347 /* Inter_18pt-ThinItalic.ttf */; };
		1143D58C0BC64D469C944DF2 /* Inter_24pt-Black.ttf in Resources */ = {isa = PBXBuildFile; fileRef = 361CA3499C8B43A4BA97A436 /* Inter_24pt-Black.ttf */; };
		35C669543DEB4759AE64469D /* Inter_24pt-BlackItalic.ttf in Resources */ = {isa = PBXBuildFile; fileRef = 45D94DDDBCE84A86B75E25E7 /* Inter_24pt-BlackItalic.ttf */; };
		D8027FA6F891403B844A4527 /* Inter_24pt-Bold.ttf in Resources */ = {isa = PBXBuildFile; fileRef = 70CD6811F5064F72B60D6540 /* Inter_24pt-Bold.ttf */; };
		BE49AB27AF0442188122CABE /* Inter_24pt-BoldItalic.ttf in Resources */ = {isa = PBXBuildFile; fileRef = 2F65BFF6DB01404B95EBDC5D /* Inter_24pt-BoldItalic.ttf */; };
		D43A21B41EED41DFAC5843C7 /* Inter_24pt-ExtraBold.ttf in Resources */ = {isa = PBXBuildFile; fileRef = 5A6C98D3C722432ABB7CE37C /* Inter_24pt-ExtraBold.ttf */; };
		FB145F38F14D4C7DB9B20BB4 /* Inter_24pt-ExtraBoldItalic.ttf in Resources */ = {isa = PBXBuildFile; fileRef = EE19759EA623433DB393C41A /* Inter_24pt-ExtraBoldItalic.ttf */; };
		E976ACB7FA434379839DB6B1 /* Inter_24pt-ExtraLight.ttf in Resources */ = {isa = PBXBuildFile; fileRef = BFA71D41E3EB4F20918465D8 /* Inter_24pt-ExtraLight.ttf */; };
		36B1D251472642F6AB685009 /* Inter_24pt-ExtraLightItalic.ttf in Resources */ = {isa = PBXBuildFile; fileRef = 9C368BDBF4ED45FB9BFB3621 /* Inter_24pt-ExtraLightItalic.ttf */; };
		5F2A8A8FAA734612B405C0A4 /* Inter_24pt-Italic.ttf in Resources */ = {isa = PBXBuildFile; fileRef = 98ACCC7114464615A63D62D4 /* Inter_24pt-Italic.ttf */; };
		83D66F5E824649B6B677B0E2 /* Inter_24pt-Light.ttf in Resources */ = {isa = PBXBuildFile; fileRef = E9276044EC804385A0B83206 /* Inter_24pt-Light.ttf */; };
		FBDD60BD3983408889A5317D /* Inter_24pt-LightItalic.ttf in Resources */ = {isa = PBXBuildFile; fileRef = 4568BAC8C0D64562A52B1FA6 /* Inter_24pt-LightItalic.ttf */; };
		87045DEB04EA48DAA64CBC6B /* Inter_24pt-Medium.ttf in Resources */ = {isa = PBXBuildFile; fileRef = E40F528CD1194AAB9A180BF6 /* Inter_24pt-Medium.ttf */; };
		4714C59BE9F6440EA25B5431 /* Inter_24pt-MediumItalic.ttf in Resources */ = {isa = PBXBuildFile; fileRef = FEFFA49A2AB9492791AFD076 /* Inter_24pt-MediumItalic.ttf */; };
		BC58C34CF98B4B05B2BA367D /* Inter_24pt-Regular.ttf in Resources */ = {isa = PBXBuildFile; fileRef = 5FCC46879808420FA29AA7C9 /* Inter_24pt-Regular.ttf */; };
		D1F8F66071984A9283145BD0 /* Inter_24pt-SemiBold.ttf in Resources */ = {isa = PBXBuildFile; fileRef = 6435D3FB4D244DA3BF41CA32 /* Inter_24pt-SemiBold.ttf */; };
		C744812B610545A79E3C9BC3 /* Inter_24pt-SemiBoldItalic.ttf in Resources */ = {isa = PBXBuildFile; fileRef = D4BD503225A44F1F9FA201E5 /* Inter_24pt-SemiBoldItalic.ttf */; };
		EBB86F6C11924DC2B481A00B /* Inter_24pt-Thin.ttf in Resources */ = {isa = PBXBuildFile; fileRef = 8A9E1D0429EA452D84C9F7C9 /* Inter_24pt-Thin.ttf */; };
		F2AA661358994AD48D03D06E /* Inter_24pt-ThinItalic.ttf in Resources */ = {isa = PBXBuildFile; fileRef = A4FBBDD4005843ED95C4DA9F /* Inter_24pt-ThinItalic.ttf */; };
		02AC01B559BF4C759CC6CB14 /* Inter_28pt-Black.ttf in Resources */ = {isa = PBXBuildFile; fileRef = 45DF10C73B99474E8B3DA673 /* Inter_28pt-Black.ttf */; };
		9A6149B3770A45AAA06E06A1 /* Inter_28pt-BlackItalic.ttf in Resources */ = {isa = PBXBuildFile; fileRef = AD9DDA89981A4EA1BAEE0ED0 /* Inter_28pt-BlackItalic.ttf */; };
		D2064131A5FC4F7CAB26EA13 /* Inter_28pt-Bold.ttf in Resources */ = {isa = PBXBuildFile; fileRef = 7CA26F060D034A65824AC004 /* Inter_28pt-Bold.ttf */; };
		35E590962BCD4FE6B2821B54 /* Inter_28pt-BoldItalic.ttf in Resources */ = {isa = PBXBuildFile; fileRef = F4CE37DECD8B4E1EA5B1A60B /* Inter_28pt-BoldItalic.ttf */; };
		CA21E35077DF4A4FAC4B4340 /* Inter_28pt-ExtraBold.ttf in Resources */ = {isa = PBXBuildFile; fileRef = C9C422A3547F4E049FF254E0 /* Inter_28pt-ExtraBold.ttf */; };
		4E4F5BFFE38E43F8841600E4 /* Inter_28pt-ExtraBoldItalic.ttf in Resources */ = {isa = PBXBuildFile; fileRef = 379F18B207CF49629ADA2A42 /* Inter_28pt-ExtraBoldItalic.ttf */; };
		DB49ABFA420D4F7593445835 /* Inter_28pt-ExtraLight.ttf in Resources */ = {isa = PBXBuildFile; fileRef = 7087267389D64C4BB88AAB69 /* Inter_28pt-ExtraLight.ttf */; };
		3628A20B0B5642699489B133 /* Inter_28pt-ExtraLightItalic.ttf in Resources */ = {isa = PBXBuildFile; fileRef = 76B26B736F8D43B4AC358D97 /* Inter_28pt-ExtraLightItalic.ttf */; };
		46EBADFBDB5846069E6D14C6 /* Inter_28pt-Italic.ttf in Resources */ = {isa = PBXBuildFile; fileRef = 15B4661017FB483ABEF64D1C /* Inter_28pt-Italic.ttf */; };
		37D1589D518C4858961C187B /* Inter_28pt-Light.ttf in Resources */ = {isa = PBXBuildFile; fileRef = 8EEE126CB90C425194FAD64A /* Inter_28pt-Light.ttf */; };
		CBB5C65049A34ED4ABD23C9D /* Inter_28pt-LightItalic.ttf in Resources */ = {isa = PBXBuildFile; fileRef = 457D4C1EE3144294AD12A50B /* Inter_28pt-LightItalic.ttf */; };
		C8E29229244F4A44B7942BB4 /* Inter_28pt-Medium.ttf in Resources */ = {isa = PBXBuildFile; fileRef = F6E552F3BAA344DEA497B629 /* Inter_28pt-Medium.ttf */; };
		516B799ADB1F417FB38E9136 /* Inter_28pt-MediumItalic.ttf in Resources */ = {isa = PBXBuildFile; fileRef = 6585CC4FC31E42A78F27DBBE /* Inter_28pt-MediumItalic.ttf */; };
		24CB0908464B4F02A8FD2EF6 /* Inter_28pt-Regular.ttf in Resources */ = {isa = PBXBuildFile; fileRef = 7DB2FD88964344B197E998B7 /* Inter_28pt-Regular.ttf */; };
		CAC6C377D04C44F8B641E1A9 /* Inter_28pt-SemiBold.ttf in Resources */ = {isa = PBXBuildFile; fileRef = E3CFD12648014AD3B7CF2518 /* Inter_28pt-SemiBold.ttf */; };
		F7B0A450E11D4D68A03052D4 /* Inter_28pt-SemiBoldItalic.ttf in Resources */ = {isa = PBXBuildFile; fileRef = 65B0E54ACE7741EEBCAF53B7 /* Inter_28pt-SemiBoldItalic.ttf */; };
		74E26644BB9E4C308AB56F6D /* Inter_28pt-Thin.ttf in Resources */ = {isa = PBXBuildFile; fileRef = BFDBC5E55DEC4D7880DFAC33 /* Inter_28pt-Thin.ttf */; };
		392D6B7EBCB644DA91F45F72 /* Inter_28pt-ThinItalic.ttf in Resources */ = {isa = PBXBuildFile; fileRef = 5518059228394BA2A8297ACE /* Inter_28pt-ThinItalic.ttf */; };
/* End PBXBuildFile section */

/* Begin PBXContainerItemProxy section */
		00E356F41AD99517003FC87E /* PBXContainerItemProxy */ = {
			isa = PBXContainerItemProxy;
			containerPortal = 83CBB9F71A601CBA00E9B192 /* Project object */;
			proxyType = 1;
			remoteGlobalIDString = 13B07F861A680F5B00A75B9A;
			remoteInfo = colabore;
		};
/* End PBXContainerItemProxy section */

/* Begin PBXFileReference section */
		00E356EE1AD99517003FC87E /* colaboreTests.xctest */ = {isa = PBXFileReference; explicitFileType = wrapper.cfbundle; includeInIndex = 0; path = colaboreTests.xctest; sourceTree = BUILT_PRODUCTS_DIR; };
		00E356F11AD99517003FC87E /* Info.plist */ = {isa = PBXFileReference; lastKnownFileType = text.plist.xml; path = Info.plist; sourceTree = "<group>"; };
		00E356F21AD99517003FC87E /* colaboreTests.m */ = {isa = PBXFileReference; lastKnownFileType = sourcecode.c.objc; path = colaboreTests.m; sourceTree = "<group>"; };
		13B07F961A680F5B00A75B9A /* colabore.app */ = {isa = PBXFileReference; explicitFileType = wrapper.application; includeInIndex = 0; path = colabore.app; sourceTree = BUILT_PRODUCTS_DIR; };
		13B07FAF1A68108700A75B9A /* AppDelegate.h */ = {isa = PBXFileReference; fileEncoding = 4; lastKnownFileType = sourcecode.c.h; name = AppDelegate.h; path = colabore/AppDelegate.h; sourceTree = "<group>"; };
		13B07FB01A68108700A75B9A /* AppDelegate.mm */ = {isa = PBXFileReference; fileEncoding = 4; lastKnownFileType = sourcecode.cpp.objcpp; name = AppDelegate.mm; path = colabore/AppDelegate.mm; sourceTree = "<group>"; };
		13B07FB51A68108700A75B9A /* Images.xcassets */ = {isa = PBXFileReference; lastKnownFileType = folder.assetcatalog; name = Images.xcassets; path = colabore/Images.xcassets; sourceTree = "<group>"; };
		13B07FB61A68108700A75B9A /* Info.plist */ = {isa = PBXFileReference; fileEncoding = 4; lastKnownFileType = text.plist.xml; name = Info.plist; path = colabore/Info.plist; sourceTree = "<group>"; };
		13B07FB71A68108700A75B9A /* main.m */ = {isa = PBXFileReference; fileEncoding = 4; lastKnownFileType = sourcecode.c.objc; name = main.m; path = colabore/main.m; sourceTree = "<group>"; };
		13B07FB81A68108700A75B9A /* PrivacyInfo.xcprivacy */ = {isa = PBXFileReference; fileEncoding = 4; lastKnownFileType = text.plist.xml; name = PrivacyInfo.xcprivacy; path = colabore/PrivacyInfo.xcprivacy; sourceTree = "<group>"; };
		19F6CBCC0A4E27FBF8BF4A61 /* libPods-colabore-colaboreTests.a */ = {isa = PBXFileReference; explicitFileType = archive.ar; includeInIndex = 0; path = "libPods-colabore-colaboreTests.a"; sourceTree = BUILT_PRODUCTS_DIR; };
		3B4392A12AC88292D35C810B /* Pods-colabore.debug.xcconfig */ = {isa = PBXFileReference; includeInIndex = 1; lastKnownFileType = text.xcconfig; name = "Pods-colabore.debug.xcconfig"; path = "Target Support Files/Pods-colabore/Pods-colabore.debug.xcconfig"; sourceTree = "<group>"; };
		5709B34CF0A7D63546082F79 /* Pods-colabore.release.xcconfig */ = {isa = PBXFileReference; includeInIndex = 1; lastKnownFileType = text.xcconfig; name = "Pods-colabore.release.xcconfig"; path = "Target Support Files/Pods-colabore/Pods-colabore.release.xcconfig"; sourceTree = "<group>"; };
		5B7EB9410499542E8C5724F5 /* Pods-colabore-colaboreTests.debug.xcconfig */ = {isa = PBXFileReference; includeInIndex = 1; lastKnownFileType = text.xcconfig; name = "Pods-colabore-colaboreTests.debug.xcconfig"; path = "Target Support Files/Pods-colabore-colaboreTests/Pods-colabore-colaboreTests.debug.xcconfig"; sourceTree = "<group>"; };
		5DCACB8F33CDC322A6C60F78 /* libPods-colabore.a */ = {isa = PBXFileReference; explicitFileType = archive.ar; includeInIndex = 0; path = "libPods-colabore.a"; sourceTree = BUILT_PRODUCTS_DIR; };
		81AB9BB72411601600AC10FF /* LaunchScreen.storyboard */ = {isa = PBXFileReference; fileEncoding = 4; lastKnownFileType = file.storyboard; name = LaunchScreen.storyboard; path = colabore/LaunchScreen.storyboard; sourceTree = "<group>"; };
		89C6BE57DB24E9ADA2F236DE /* Pods-colabore-colaboreTests.release.xcconfig */ = {isa = PBXFileReference; includeInIndex = 1; lastKnownFileType = text.xcconfig; name = "Pods-colabore-colaboreTests.release.xcconfig"; path = "Target Support Files/Pods-colabore-colaboreTests/Pods-colabore-colaboreTests.release.xcconfig"; sourceTree = "<group>"; };
		ED297162215061F000B7C4FE /* JavaScriptCore.framework */ = {isa = PBXFileReference; lastKnownFileType = wrapper.framework; name = JavaScriptCore.framework; path = System/Library/Frameworks/JavaScriptCore.framework; sourceTree = SDKROOT; };
		77BCF582BDB7499BAA92C125 /* Inter_18pt-Black.ttf */ = {isa = PBXFileReference; name = "Inter_18pt-Black.ttf"; path = "../assets/fonts/Inter_18pt-Black.ttf"; sourceTree = "<group>"; fileEncoding = undefined; lastKnownFileType = unknown; explicitFileType = undefined; includeInIndex = 0; };
		8738BE8F45914833A21655E5 /* Inter_18pt-BlackItalic.ttf */ = {isa = PBXFileReference; name = "Inter_18pt-BlackItalic.ttf"; path = "../assets/fonts/Inter_18pt-BlackItalic.ttf"; sourceTree = "<group>"; fileEncoding = undefined; lastKnownFileType = unknown; explicitFileType = undefined; includeInIndex = 0; };
		446C394A619D44AE9557D6A2 /* Inter_18pt-Bold.ttf */ = {isa = PBXFileReference; name = "Inter_18pt-Bold.ttf"; path = "../assets/fonts/Inter_18pt-Bold.ttf"; sourceTree = "<group>"; fileEncoding = undefined; lastKnownFileType = unknown; explicitFileType = undefined; includeInIndex = 0; };
		60D56A3FD56E4C7CB55FFCB2 /* Inter_18pt-BoldItalic.ttf */ = {isa = PBXFileReference; name = "Inter_18pt-BoldItalic.ttf"; path = "../assets/fonts/Inter_18pt-BoldItalic.ttf"; sourceTree = "<group>"; fileEncoding = undefined; lastKnownFileType = unknown; explicitFileType = undefined; includeInIndex = 0; };
		FD47B5BF8F2B46ABA381A2C2 /* Inter_18pt-ExtraBold.ttf */ = {isa = PBXFileReference; name = "Inter_18pt-ExtraBold.ttf"; path = "../assets/fonts/Inter_18pt-ExtraBold.ttf"; sourceTree = "<group>"; fileEncoding = undefined; lastKnownFileType = unknown; explicitFileType = undefined; includeInIndex = 0; };
		9DFAF3E1FFF14F1BA02D5A33 /* Inter_18pt-ExtraBoldItalic.ttf */ = {isa = PBXFileReference; name = "Inter_18pt-ExtraBoldItalic.ttf"; path = "../assets/fonts/Inter_18pt-ExtraBoldItalic.ttf"; sourceTree = "<group>"; fileEncoding = undefined; lastKnownFileType = unknown; explicitFileType = undefined; includeInIndex = 0; };
		BA117837A44A46CAB44E5888 /* Inter_18pt-ExtraLight.ttf */ = {isa = PBXFileReference; name = "Inter_18pt-ExtraLight.ttf"; path = "../assets/fonts/Inter_18pt-ExtraLight.ttf"; sourceTree = "<group>"; fileEncoding = undefined; lastKnownFileType = unknown; explicitFileType = undefined; includeInIndex = 0; };
		BB0B1D8E4CDA4AC081309BE7 /* Inter_18pt-ExtraLightItalic.ttf */ = {isa = PBXFileReference; name = "Inter_18pt-ExtraLightItalic.ttf"; path = "../assets/fonts/Inter_18pt-ExtraLightItalic.ttf"; sourceTree = "<group>"; fileEncoding = undefined; lastKnownFileType = unknown; explicitFileType = undefined; includeInIndex = 0; };
		2E61D45F963A4728A7577EBC /* Inter_18pt-Italic.ttf */ = {isa = PBXFileReference; name = "Inter_18pt-Italic.ttf"; path = "../assets/fonts/Inter_18pt-Italic.ttf"; sourceTree = "<group>"; fileEncoding = undefined; lastKnownFileType = unknown; explicitFileType = undefined; includeInIndex = 0; };
		88861FCB4EB54200AD60DF02 /* Inter_18pt-Light.ttf */ = {isa = PBXFileReference; name = "Inter_18pt-Light.ttf"; path = "../assets/fonts/Inter_18pt-Light.ttf"; sourceTree = "<group>"; fileEncoding = undefined; lastKnownFileType = unknown; explicitFileType = undefined; includeInIndex = 0; };
		15C3A5331D8A4E35AA7DAF56 /* Inter_18pt-LightItalic.ttf */ = {isa = PBXFileReference; name = "Inter_18pt-LightItalic.ttf"; path = "../assets/fonts/Inter_18pt-LightItalic.ttf"; sourceTree = "<group>"; fileEncoding = undefined; lastKnownFileType = unknown; explicitFileType = undefined; includeInIndex = 0; };
		B54F530A31A84E2983FDC675 /* Inter_18pt-Medium.ttf */ = {isa = PBXFileReference; name = "Inter_18pt-Medium.ttf"; path = "../assets/fonts/Inter_18pt-Medium.ttf"; sourceTree = "<group>"; fileEncoding = undefined; lastKnownFileType = unknown; explicitFileType = undefined; includeInIndex = 0; };
		8F5AE6A731FE42688A39F8CF /* Inter_18pt-MediumItalic.ttf */ = {isa = PBXFileReference; name = "Inter_18pt-MediumItalic.ttf"; path = "../assets/fonts/Inter_18pt-MediumItalic.ttf"; sourceTree = "<group>"; fileEncoding = undefined; lastKnownFileType = unknown; explicitFileType = undefined; includeInIndex = 0; };
		8C63EB9F4E494F9DBEF92C07 /* Inter_18pt-Regular.ttf */ = {isa = PBXFileReference; name = "Inter_18pt-Regular.ttf"; path = "../assets/fonts/Inter_18pt-Regular.ttf"; sourceTree = "<group>"; fileEncoding = undefined; lastKnownFileType = unknown; explicitFileType = undefined; includeInIndex = 0; };
		1E980E0075674F3AA3A08BAF /* Inter_18pt-SemiBold.ttf */ = {isa = PBXFileReference; name = "Inter_18pt-SemiBold.ttf"; path = "../assets/fonts/Inter_18pt-SemiBold.ttf"; sourceTree = "<group>"; fileEncoding = undefined; lastKnownFileType = unknown; explicitFileType = undefined; includeInIndex = 0; };
		182F7F8996A14C29AFECB258 /* Inter_18pt-SemiBoldItalic.ttf */ = {isa = PBXFileReference; name = "Inter_18pt-SemiBoldItalic.ttf"; path = "../assets/fonts/Inter_18pt-SemiBoldItalic.ttf"; sourceTree = "<group>"; fileEncoding = undefined; lastKnownFileType = unknown; explicitFileType = undefined; includeInIndex = 0; };
		2DD67476C07748899BEB022D /* Inter_18pt-Thin.ttf */ = {isa = PBXFileReference; name = "Inter_18pt-Thin.ttf"; path = "../assets/fonts/Inter_18pt-Thin.ttf"; sourceTree = "<group>"; fileEncoding = undefined; lastKnownFileType = unknown; explicitFileType = undefined; includeInIndex = 0; };
		C5D4B41C90EB45BEABADA347 /* Inter_18pt-ThinItalic.ttf */ = {isa = PBXFileReference; name = "Inter_18pt-ThinItalic.ttf"; path = "../assets/fonts/Inter_18pt-ThinItalic.ttf"; sourceTree = "<group>"; fileEncoding = undefined; lastKnownFileType = unknown; explicitFileType = undefined; includeInIndex = 0; };
		361CA3499C8B43A4BA97A436 /* Inter_24pt-Black.ttf */ = {isa = PBXFileReference; name = "Inter_24pt-Black.ttf"; path = "../assets/fonts/Inter_24pt-Black.ttf"; sourceTree = "<group>"; fileEncoding = undefined; lastKnownFileType = unknown; explicitFileType = undefined; includeInIndex = 0; };
		45D94DDDBCE84A86B75E25E7 /* Inter_24pt-BlackItalic.ttf */ = {isa = PBXFileReference; name = "Inter_24pt-BlackItalic.ttf"; path = "../assets/fonts/Inter_24pt-BlackItalic.ttf"; sourceTree = "<group>"; fileEncoding = undefined; lastKnownFileType = unknown; explicitFileType = undefined; includeInIndex = 0; };
		70CD6811F5064F72B60D6540 /* Inter_24pt-Bold.ttf */ = {isa = PBXFileReference; name = "Inter_24pt-Bold.ttf"; path = "../assets/fonts/Inter_24pt-Bold.ttf"; sourceTree = "<group>"; fileEncoding = undefined; lastKnownFileType = unknown; explicitFileType = undefined; includeInIndex = 0; };
		2F65BFF6DB01404B95EBDC5D /* Inter_24pt-BoldItalic.ttf */ = {isa = PBXFileReference; name = "Inter_24pt-BoldItalic.ttf"; path = "../assets/fonts/Inter_24pt-BoldItalic.ttf"; sourceTree = "<group>"; fileEncoding = undefined; lastKnownFileType = unknown; explicitFileType = undefined; includeInIndex = 0; };
		5A6C98D3C722432ABB7CE37C /* Inter_24pt-ExtraBold.ttf */ = {isa = PBXFileReference; name = "Inter_24pt-ExtraBold.ttf"; path = "../assets/fonts/Inter_24pt-ExtraBold.ttf"; sourceTree = "<group>"; fileEncoding = undefined; lastKnownFileType = unknown; explicitFileType = undefined; includeInIndex = 0; };
		EE19759EA623433DB393C41A /* Inter_24pt-ExtraBoldItalic.ttf */ = {isa = PBXFileReference; name = "Inter_24pt-ExtraBoldItalic.ttf"; path = "../assets/fonts/Inter_24pt-ExtraBoldItalic.ttf"; sourceTree = "<group>"; fileEncoding = undefined; lastKnownFileType = unknown; explicitFileType = undefined; includeInIndex = 0; };
		BFA71D41E3EB4F20918465D8 /* Inter_24pt-ExtraLight.ttf */ = {isa = PBXFileReference; name = "Inter_24pt-ExtraLight.ttf"; path = "../assets/fonts/Inter_24pt-ExtraLight.ttf"; sourceTree = "<group>"; fileEncoding = undefined; lastKnownFileType = unknown; explicitFileType = undefined; includeInIndex = 0; };
		9C368BDBF4ED45FB9BFB3621 /* Inter_24pt-ExtraLightItalic.ttf */ = {isa = PBXFileReference; name = "Inter_24pt-ExtraLightItalic.ttf"; path = "../assets/fonts/Inter_24pt-ExtraLightItalic.ttf"; sourceTree = "<group>"; fileEncoding = undefined; lastKnownFileType = unknown; explicitFileType = undefined; includeInIndex = 0; };
		98ACCC7114464615A63D62D4 /* Inter_24pt-Italic.ttf */ = {isa = PBXFileReference; name = "Inter_24pt-Italic.ttf"; path = "../assets/fonts/Inter_24pt-Italic.ttf"; sourceTree = "<group>"; fileEncoding = undefined; lastKnownFileType = unknown; explicitFileType = undefined; includeInIndex = 0; };
		E9276044EC804385A0B83206 /* Inter_24pt-Light.ttf */ = {isa = PBXFileReference; name = "Inter_24pt-Light.ttf"; path = "../assets/fonts/Inter_24pt-Light.ttf"; sourceTree = "<group>"; fileEncoding = undefined; lastKnownFileType = unknown; explicitFileType = undefined; includeInIndex = 0; };
		4568BAC8C0D64562A52B1FA6 /* Inter_24pt-LightItalic.ttf */ = {isa = PBXFileReference; name = "Inter_24pt-LightItalic.ttf"; path = "../assets/fonts/Inter_24pt-LightItalic.ttf"; sourceTree = "<group>"; fileEncoding = undefined; lastKnownFileType = unknown; explicitFileType = undefined; includeInIndex = 0; };
		E40F528CD1194AAB9A180BF6 /* Inter_24pt-Medium.ttf */ = {isa = PBXFileReference; name = "Inter_24pt-Medium.ttf"; path = "../assets/fonts/Inter_24pt-Medium.ttf"; sourceTree = "<group>"; fileEncoding = undefined; lastKnownFileType = unknown; explicitFileType = undefined; includeInIndex = 0; };
		FEFFA49A2AB9492791AFD076 /* Inter_24pt-MediumItalic.ttf */ = {isa = PBXFileReference; name = "Inter_24pt-MediumItalic.ttf"; path = "../assets/fonts/Inter_24pt-MediumItalic.ttf"; sourceTree = "<group>"; fileEncoding = undefined; lastKnownFileType = unknown; explicitFileType = undefined; includeInIndex = 0; };
		5FCC46879808420FA29AA7C9 /* Inter_24pt-Regular.ttf */ = {isa = PBXFileReference; name = "Inter_24pt-Regular.ttf"; path = "../assets/fonts/Inter_24pt-Regular.ttf"; sourceTree = "<group>"; fileEncoding = undefined; lastKnownFileType = unknown; explicitFileType = undefined; includeInIndex = 0; };
		6435D3FB4D244DA3BF41CA32 /* Inter_24pt-SemiBold.ttf */ = {isa = PBXFileReference; name = "Inter_24pt-SemiBold.ttf"; path = "../assets/fonts/Inter_24pt-SemiBold.ttf"; sourceTree = "<group>"; fileEncoding = undefined; lastKnownFileType = unknown; explicitFileType = undefined; includeInIndex = 0; };
		D4BD503225A44F1F9FA201E5 /* Inter_24pt-SemiBoldItalic.ttf */ = {isa = PBXFileReference; name = "Inter_24pt-SemiBoldItalic.ttf"; path = "../assets/fonts/Inter_24pt-SemiBoldItalic.ttf"; sourceTree = "<group>"; fileEncoding = undefined; lastKnownFileType = unknown; explicitFileType = undefined; includeInIndex = 0; };
		8A9E1D0429EA452D84C9F7C9 /* Inter_24pt-Thin.ttf */ = {isa = PBXFileReference; name = "Inter_24pt-Thin.ttf"; path = "../assets/fonts/Inter_24pt-Thin.ttf"; sourceTree = "<group>"; fileEncoding = undefined; lastKnownFileType = unknown; explicitFileType = undefined; includeInIndex = 0; };
		A4FBBDD4005843ED95C4DA9F /* Inter_24pt-ThinItalic.ttf */ = {isa = PBXFileReference; name = "Inter_24pt-ThinItalic.ttf"; path = "../assets/fonts/Inter_24pt-ThinItalic.ttf"; sourceTree = "<group>"; fileEncoding = undefined; lastKnownFileType = unknown; explicitFileType = undefined; includeInIndex = 0; };
		45DF10C73B99474E8B3DA673 /* Inter_28pt-Black.ttf */ = {isa = PBXFileReference; name = "Inter_28pt-Black.ttf"; path = "../assets/fonts/Inter_28pt-Black.ttf"; sourceTree = "<group>"; fileEncoding = undefined; lastKnownFileType = unknown; explicitFileType = undefined; includeInIndex = 0; };
		AD9DDA89981A4EA1BAEE0ED0 /* Inter_28pt-BlackItalic.ttf */ = {isa = PBXFileReference; name = "Inter_28pt-BlackItalic.ttf"; path = "../assets/fonts/Inter_28pt-BlackItalic.ttf"; sourceTree = "<group>"; fileEncoding = undefined; lastKnownFileType = unknown; explicitFileType = undefined; includeInIndex = 0; };
		7CA26F060D034A65824AC004 /* Inter_28pt-Bold.ttf */ = {isa = PBXFileReference; name = "Inter_28pt-Bold.ttf"; path = "../assets/fonts/Inter_28pt-Bold.ttf"; sourceTree = "<group>"; fileEncoding = undefined; lastKnownFileType = unknown; explicitFileType = undefined; includeInIndex = 0; };
		F4CE37DECD8B4E1EA5B1A60B /* Inter_28pt-BoldItalic.ttf */ = {isa = PBXFileReference; name = "Inter_28pt-BoldItalic.ttf"; path = "../assets/fonts/Inter_28pt-BoldItalic.ttf"; sourceTree = "<group>"; fileEncoding = undefined; lastKnownFileType = unknown; explicitFileType = undefined; includeInIndex = 0; };
		C9C422A3547F4E049FF254E0 /* Inter_28pt-ExtraBold.ttf */ = {isa = PBXFileReference; name = "Inter_28pt-ExtraBold.ttf"; path = "../assets/fonts/Inter_28pt-ExtraBold.ttf"; sourceTree = "<group>"; fileEncoding = undefined; lastKnownFileType = unknown; explicitFileType = undefined; includeInIndex = 0; };
		379F18B207CF49629ADA2A42 /* Inter_28pt-ExtraBoldItalic.ttf */ = {isa = PBXFileReference; name = "Inter_28pt-ExtraBoldItalic.ttf"; path = "../assets/fonts/Inter_28pt-ExtraBoldItalic.ttf"; sourceTree = "<group>"; fileEncoding = undefined; lastKnownFileType = unknown; explicitFileType = undefined; includeInIndex = 0; };
		7087267389D64C4BB88AAB69 /* Inter_28pt-ExtraLight.ttf */ = {isa = PBXFileReference; name = "Inter_28pt-ExtraLight.ttf"; path = "../assets/fonts/Inter_28pt-ExtraLight.ttf"; sourceTree = "<group>"; fileEncoding = undefined; lastKnownFileType = unknown; explicitFileType = undefined; includeInIndex = 0; };
		76B26B736F8D43B4AC358D97 /* Inter_28pt-ExtraLightItalic.ttf */ = {isa = PBXFileReference; name = "Inter_28pt-ExtraLightItalic.ttf"; path = "../assets/fonts/Inter_28pt-ExtraLightItalic.ttf"; sourceTree = "<group>"; fileEncoding = undefined; lastKnownFileType = unknown; explicitFileType = undefined; includeInIndex = 0; };
		15B4661017FB483ABEF64D1C /* Inter_28pt-Italic.ttf */ = {isa = PBXFileReference; name = "Inter_28pt-Italic.ttf"; path = "../assets/fonts/Inter_28pt-Italic.ttf"; sourceTree = "<group>"; fileEncoding = undefined; lastKnownFileType = unknown; explicitFileType = undefined; includeInIndex = 0; };
		8EEE126CB90C425194FAD64A /* Inter_28pt-Light.ttf */ = {isa = PBXFileReference; name = "Inter_28pt-Light.ttf"; path = "../assets/fonts/Inter_28pt-Light.ttf"; sourceTree = "<group>"; fileEncoding = undefined; lastKnownFileType = unknown; explicitFileType = undefined; includeInIndex = 0; };
		457D4C1EE3144294AD12A50B /* Inter_28pt-LightItalic.ttf */ = {isa = PBXFileReference; name = "Inter_28pt-LightItalic.ttf"; path = "../assets/fonts/Inter_28pt-LightItalic.ttf"; sourceTree = "<group>"; fileEncoding = undefined; lastKnownFileType = unknown; explicitFileType = undefined; includeInIndex = 0; };
		F6E552F3BAA344DEA497B629 /* Inter_28pt-Medium.ttf */ = {isa = PBXFileReference; name = "Inter_28pt-Medium.ttf"; path = "../assets/fonts/Inter_28pt-Medium.ttf"; sourceTree = "<group>"; fileEncoding = undefined; lastKnownFileType = unknown; explicitFileType = undefined; includeInIndex = 0; };
		6585CC4FC31E42A78F27DBBE /* Inter_28pt-MediumItalic.ttf */ = {isa = PBXFileReference; name = "Inter_28pt-MediumItalic.ttf"; path = "../assets/fonts/Inter_28pt-MediumItalic.ttf"; sourceTree = "<group>"; fileEncoding = undefined; lastKnownFileType = unknown; explicitFileType = undefined; includeInIndex = 0; };
		7DB2FD88964344B197E998B7 /* Inter_28pt-Regular.ttf */ = {isa = PBXFileReference; name = "Inter_28pt-Regular.ttf"; path = "../assets/fonts/Inter_28pt-Regular.ttf"; sourceTree = "<group>"; fileEncoding = undefined; lastKnownFileType = unknown; explicitFileType = undefined; includeInIndex = 0; };
		E3CFD12648014AD3B7CF2518 /* Inter_28pt-SemiBold.ttf */ = {isa = PBXFileReference; name = "Inter_28pt-SemiBold.ttf"; path = "../assets/fonts/Inter_28pt-SemiBold.ttf"; sourceTree = "<group>"; fileEncoding = undefined; lastKnownFileType = unknown; explicitFileType = undefined; includeInIndex = 0; };
		65B0E54ACE7741EEBCAF53B7 /* Inter_28pt-SemiBoldItalic.ttf */ = {isa = PBXFileReference; name = "Inter_28pt-SemiBoldItalic.ttf"; path = "../assets/fonts/Inter_28pt-SemiBoldItalic.ttf"; sourceTree = "<group>"; fileEncoding = undefined; lastKnownFileType = unknown; explicitFileType = undefined; includeInIndex = 0; };
		BFDBC5E55DEC4D7880DFAC33 /* Inter_28pt-Thin.ttf */ = {isa = PBXFileReference; name = "Inter_28pt-Thin.ttf"; path = "../assets/fonts/Inter_28pt-Thin.ttf"; sourceTree = "<group>"; fileEncoding = undefined; lastKnownFileType = unknown; explicitFileType = undefined; includeInIndex = 0; };
		5518059228394BA2A8297ACE /* Inter_28pt-ThinItalic.ttf */ = {isa = PBXFileReference; name = "Inter_28pt-ThinItalic.ttf"; path = "../assets/fonts/Inter_28pt-ThinItalic.ttf"; sourceTree = "<group>"; fileEncoding = undefined; lastKnownFileType = unknown; explicitFileType = undefined; includeInIndex = 0; };
/* End PBXFileReference section */

/* Begin PBXFrameworksBuildPhase section */
		00E356EB1AD99517003FC87E /* Frameworks */ = {
			isa = PBXFrameworksBuildPhase;
			buildActionMask = 2147483647;
			files = (
				7699B88040F8A987B510C191 /* libPods-colabore-colaboreTests.a in Frameworks */,
			);
			runOnlyForDeploymentPostprocessing = 0;
		};
		13B07F8C1A680F5B00A75B9A /* Frameworks */ = {
			isa = PBXFrameworksBuildPhase;
			buildActionMask = 2147483647;
			files = (
				0C80B921A6F3F58F76C31292 /* libPods-colabore.a in Frameworks */,
			);
			runOnlyForDeploymentPostprocessing = 0;
		};
/* End PBXFrameworksBuildPhase section */

/* Begin PBXGroup section */
		00E356EF1AD99517003FC87E /* colaboreTests */ = {
			isa = PBXGroup;
			children = (
				00E356F21AD99517003FC87E /* colaboreTests.m */,
				00E356F01AD99517003FC87E /* Supporting Files */,
			);
			path = colaboreTests;
			sourceTree = "<group>";
		};
		00E356F01AD99517003FC87E /* Supporting Files */ = {
			isa = PBXGroup;
			children = (
				00E356F11AD99517003FC87E /* Info.plist */,
			);
			name = "Supporting Files";
			sourceTree = "<group>";
		};
		13B07FAE1A68108700A75B9A /* colabore */ = {
			isa = PBXGroup;
			children = (
				13B07FAF1A68108700A75B9A /* AppDelegate.h */,
				13B07FB01A68108700A75B9A /* AppDelegate.mm */,
				13B07FB51A68108700A75B9A /* Images.xcassets */,
				13B07FB61A68108700A75B9A /* Info.plist */,
				81AB9BB72411601600AC10FF /* LaunchScreen.storyboard */,
				13B07FB71A68108700A75B9A /* main.m */,
				13B07FB81A68108700A75B9A /* PrivacyInfo.xcprivacy */,
			);
			name = colabore;
			sourceTree = "<group>";
		};
		2D16E6871FA4F8E400B85C8A /* Frameworks */ = {
			isa = PBXGroup;
			children = (
				ED297162215061F000B7C4FE /* JavaScriptCore.framework */,
				5DCACB8F33CDC322A6C60F78 /* libPods-colabore.a */,
				19F6CBCC0A4E27FBF8BF4A61 /* libPods-colabore-colaboreTests.a */,
			);
			name = Frameworks;
			sourceTree = "<group>";
		};
		832341AE1AAA6A7D00B99B32 /* Libraries */ = {
			isa = PBXGroup;
			children = (
			);
			name = Libraries;
			sourceTree = "<group>";
		};
		83CBB9F61A601CBA00E9B192 = {
			isa = PBXGroup;
			children = (
				13B07FAE1A68108700A75B9A /* colabore */,
				832341AE1AAA6A7D00B99B32 /* Libraries */,
				00E356EF1AD99517003FC87E /* colaboreTests */,
				83CBBA001A601CBA00E9B192 /* Products */,
				2D16E6871FA4F8E400B85C8A /* Frameworks */,
				BBD78D7AC51CEA395F1C20DB /* Pods */,
				09DD55A84B6D4976A70CAD29 /* Resources */,
			);
			indentWidth = 2;
			sourceTree = "<group>";
			tabWidth = 2;
			usesTabs = 0;
		};
		83CBBA001A601CBA00E9B192 /* Products */ = {
			isa = PBXGroup;
			children = (
				13B07F961A680F5B00A75B9A /* colabore.app */,
				00E356EE1AD99517003FC87E /* colaboreTests.xctest */,
			);
			name = Products;
			sourceTree = "<group>";
		};
		BBD78D7AC51CEA395F1C20DB /* Pods */ = {
			isa = PBXGroup;
			children = (
				3B4392A12AC88292D35C810B /* Pods-colabore.debug.xcconfig */,
				5709B34CF0A7D63546082F79 /* Pods-colabore.release.xcconfig */,
				5B7EB9410499542E8C5724F5 /* Pods-colabore-colaboreTests.debug.xcconfig */,
				89C6BE57DB24E9ADA2F236DE /* Pods-colabore-colaboreTests.release.xcconfig */,
			);
			path = Pods;
			sourceTree = "<group>";
		};
		09DD55A84B6D4976A70CAD29 /* Resources */ = {
			isa = "PBXGroup";
			children = (
				77BCF582BDB7499BAA92C125 /* Inter_18pt-Black.ttf */,
				8738BE8F45914833A21655E5 /* Inter_18pt-BlackItalic.ttf */,
				446C394A619D44AE9557D6A2 /* Inter_18pt-Bold.ttf */,
				60D56A3FD56E4C7CB55FFCB2 /* Inter_18pt-BoldItalic.ttf */,
				FD47B5BF8F2B46ABA381A2C2 /* Inter_18pt-ExtraBold.ttf */,
				9DFAF3E1FFF14F1BA02D5A33 /* Inter_18pt-ExtraBoldItalic.ttf */,
				BA117837A44A46CAB44E5888 /* Inter_18pt-ExtraLight.ttf */,
				BB0B1D8E4CDA4AC081309BE7 /* Inter_18pt-ExtraLightItalic.ttf */,
				2E61D45F963A4728A7577EBC /* Inter_18pt-Italic.ttf */,
				88861FCB4EB54200AD60DF02 /* Inter_18pt-Light.ttf */,
				15C3A5331D8A4E35AA7DAF56 /* Inter_18pt-LightItalic.ttf */,
				B54F530A31A84E2983FDC675 /* Inter_18pt-Medium.ttf */,
				8F5AE6A731FE42688A39F8CF /* Inter_18pt-MediumItalic.ttf */,
				8C63EB9F4E494F9DBEF92C07 /* Inter_18pt-Regular.ttf */,
				1E980E0075674F3AA3A08BAF /* Inter_18pt-SemiBold.ttf */,
				182F7F8996A14C29AFECB258 /* Inter_18pt-SemiBoldItalic.ttf */,
				2DD67476C07748899BEB022D /* Inter_18pt-Thin.ttf */,
				C5D4B41C90EB45BEABADA347 /* Inter_18pt-ThinItalic.ttf */,
				361CA3499C8B43A4BA97A436 /* Inter_24pt-Black.ttf */,
				45D94DDDBCE84A86B75E25E7 /* Inter_24pt-BlackItalic.ttf */,
				70CD6811F5064F72B60D6540 /* Inter_24pt-Bold.ttf */,
				2F65BFF6DB01404B95EBDC5D /* Inter_24pt-BoldItalic.ttf */,
				5A6C98D3C722432ABB7CE37C /* Inter_24pt-ExtraBold.ttf */,
				EE19759EA623433DB393C41A /* Inter_24pt-ExtraBoldItalic.ttf */,
				BFA71D41E3EB4F20918465D8 /* Inter_24pt-ExtraLight.ttf */,
				9C368BDBF4ED45FB9BFB3621 /* Inter_24pt-ExtraLightItalic.ttf */,
				98ACCC7114464615A63D62D4 /* Inter_24pt-Italic.ttf */,
				E9276044EC804385A0B83206 /* Inter_24pt-Light.ttf */,
				4568BAC8C0D64562A52B1FA6 /* Inter_24pt-LightItalic.ttf */,
				E40F528CD1194AAB9A180BF6 /* Inter_24pt-Medium.ttf */,
				FEFFA49A2AB9492791AFD076 /* Inter_24pt-MediumItalic.ttf */,
				5FCC46879808420FA29AA7C9 /* Inter_24pt-Regular.ttf */,
				6435D3FB4D244DA3BF41CA32 /* Inter_24pt-SemiBold.ttf */,
				D4BD503225A44F1F9FA201E5 /* Inter_24pt-SemiBoldItalic.ttf */,
				8A9E1D0429EA452D84C9F7C9 /* Inter_24pt-Thin.ttf */,
				A4FBBDD4005843ED95C4DA9F /* Inter_24pt-ThinItalic.ttf */,
				45DF10C73B99474E8B3DA673 /* Inter_28pt-Black.ttf */,
				AD9DDA89981A4EA1BAEE0ED0 /* Inter_28pt-BlackItalic.ttf */,
				7CA26F060D034A65824AC004 /* Inter_28pt-Bold.ttf */,
				F4CE37DECD8B4E1EA5B1A60B /* Inter_28pt-BoldItalic.ttf */,
				C9C422A3547F4E049FF254E0 /* Inter_28pt-ExtraBold.ttf */,
				379F18B207CF49629ADA2A42 /* Inter_28pt-ExtraBoldItalic.ttf */,
				7087267389D64C4BB88AAB69 /* Inter_28pt-ExtraLight.ttf */,
				76B26B736F8D43B4AC358D97 /* Inter_28pt-ExtraLightItalic.ttf */,
				15B4661017FB483ABEF64D1C /* Inter_28pt-Italic.ttf */,
				8EEE126CB90C425194FAD64A /* Inter_28pt-Light.ttf */,
				457D4C1EE3144294AD12A50B /* Inter_28pt-LightItalic.ttf */,
				F6E552F3BAA344DEA497B629 /* Inter_28pt-Medium.ttf */,
				6585CC4FC31E42A78F27DBBE /* Inter_28pt-MediumItalic.ttf */,
				7DB2FD88964344B197E998B7 /* Inter_28pt-Regular.ttf */,
				E3CFD12648014AD3B7CF2518 /* Inter_28pt-SemiBold.ttf */,
				65B0E54ACE7741EEBCAF53B7 /* Inter_28pt-SemiBoldItalic.ttf */,
				BFDBC5E55DEC4D7880DFAC33 /* Inter_28pt-Thin.ttf */,
				5518059228394BA2A8297ACE /* Inter_28pt-ThinItalic.ttf */,
			);
			name = Resources;
			sourceTree = "<group>";
			path = "";
		};
/* End PBXGroup section */

/* Begin PBXNativeTarget section */
		00E356ED1AD99517003FC87E /* colaboreTests */ = {
			isa = PBXNativeTarget;
			buildConfigurationList = 00E357021AD99517003FC87E /* Build configuration list for PBXNativeTarget "colaboreTests" */;
			buildPhases = (
				A55EABD7B0C7F3A422A6CC61 /* [CP] Check Pods Manifest.lock */,
				00E356EA1AD99517003FC87E /* Sources */,
				00E356EB1AD99517003FC87E /* Frameworks */,
				00E356EC1AD99517003FC87E /* Resources */,
				C59DA0FBD6956966B86A3779 /* [CP] Embed Pods Frameworks */,
				F6A41C54EA430FDDC6A6ED99 /* [CP] Copy Pods Resources */,
			);
			buildRules = (
			);
			dependencies = (
				00E356F51AD99517003FC87E /* PBXTargetDependency */,
			);
			name = colaboreTests;
			productName = colaboreTests;
			productReference = 00E356EE1AD99517003FC87E /* colaboreTests.xctest */;
			productType = "com.apple.product-type.bundle.unit-test";
		};
		13B07F861A680F5B00A75B9A /* colabore */ = {
			isa = PBXNativeTarget;
			buildConfigurationList = 13B07F931A680F5B00A75B9A /* Build configuration list for PBXNativeTarget "colabore" */;
			buildPhases = (
				C38B50BA6285516D6DCD4F65 /* [CP] Check Pods Manifest.lock */,
				13B07F871A680F5B00A75B9A /* Sources */,
				13B07F8C1A680F5B00A75B9A /* Frameworks */,
				13B07F8E1A680F5B00A75B9A /* Resources */,
				00DD1BFF1BD5951E006B06BC /* Bundle React Native code and images */,
				00EEFC60759A1932668264C0 /* [CP] Embed Pods Frameworks */,
				E235C05ADACE081382539298 /* [CP] Copy Pods Resources */,
			);
			buildRules = (
			);
			dependencies = (
			);
			name = colabore;
			productName = colabore;
			productReference = 13B07F961A680F5B00A75B9A /* colabore.app */;
			productType = "com.apple.product-type.application";
		};
/* End PBXNativeTarget section */

/* Begin PBXProject section */
		83CBB9F71A601CBA00E9B192 /* Project object */ = {
			isa = PBXProject;
			attributes = {
				LastUpgradeCheck = 1210;
				TargetAttributes = {
					00E356ED1AD99517003FC87E = {
						CreatedOnToolsVersion = 6.2;
						TestTargetID = 13B07F861A680F5B00A75B9A;
					};
					13B07F861A680F5B00A75B9A = {
						LastSwiftMigration = 1120;
					};
				};
			};
			buildConfigurationList = 83CBB9FA1A601CBA00E9B192 /* Build configuration list for PBXProject "colabore" */;
			compatibilityVersion = "Xcode 12.0";
			developmentRegion = en;
			hasScannedForEncodings = 0;
			knownRegions = (
				en,
				Base,
			);
			mainGroup = 83CBB9F61A601CBA00E9B192;
			productRefGroup = 83CBBA001A601CBA00E9B192 /* Products */;
			projectDirPath = "";
			projectRoot = "";
			targets = (
				13B07F861A680F5B00A75B9A /* colabore */,
				00E356ED1AD99517003FC87E /* colaboreTests */,
			);
		};
/* End PBXProject section */

/* Begin PBXResourcesBuildPhase section */
		00E356EC1AD99517003FC87E /* Resources */ = {
			isa = PBXResourcesBuildPhase;
			buildActionMask = 2147483647;
			files = (
			);
			runOnlyForDeploymentPostprocessing = 0;
		};
		13B07F8E1A680F5B00A75B9A /* Resources */ = {
			isa = PBXResourcesBuildPhase;
			buildActionMask = 2147483647;
			files = (
				81AB9BB82411601600AC10FF /* LaunchScreen.storyboard in Resources */,
				13B07FBF1A68108700A75B9A /* Images.xcassets in Resources */,
				4CE72375AEC5478C89876776 /* Inter_18pt-Black.ttf in Resources */,
				14B9709B621D40E0AB942CA3 /* Inter_18pt-BlackItalic.ttf in Resources */,
				CA7759E7D1114464A8336944 /* Inter_18pt-Bold.ttf in Resources */,
				62182643AFF04F1BB4D2BB41 /* Inter_18pt-BoldItalic.ttf in Resources */,
				E4DBB8CCC46F49E398D194CE /* Inter_18pt-ExtraBold.ttf in Resources */,
				34FAC67CB617440D8D0B074D /* Inter_18pt-ExtraBoldItalic.ttf in Resources */,
				C6D70114D2ED4BCD9276252A /* Inter_18pt-ExtraLight.ttf in Resources */,
				FB663331C3304C549AADC8E8 /* Inter_18pt-ExtraLightItalic.ttf in Resources */,
				C5EBA27E7E6049389FFB3A7B /* Inter_18pt-Italic.ttf in Resources */,
				DA6CA154AC1D46C2A3C30B52 /* Inter_18pt-Light.ttf in Resources */,
				BB0338573F834BC085D0CE89 /* Inter_18pt-LightItalic.ttf in Resources */,
				DD14020E61174F2E82AA8C67 /* Inter_18pt-Medium.ttf in Resources */,
				BE82E2FB9D104C168D6FCA0E /* Inter_18pt-MediumItalic.ttf in Resources */,
				14BF31292A5142FE9EE72562 /* Inter_18pt-Regular.ttf in Resources */,
				EB2538DA52CA49C9929E0C8E /* Inter_18pt-SemiBold.ttf in Resources */,
				F29E356EA0044EDEA476663E /* Inter_18pt-SemiBoldItalic.ttf in Resources */,
				FC47C7591F264356B50A0EFD /* Inter_18pt-Thin.ttf in Resources */,
				E29EAFD5070E4BDA9F1B2B29 /* Inter_18pt-ThinItalic.ttf in Resources */,
				1143D58C0BC64D469C944DF2 /* Inter_24pt-Black.ttf in Resources */,
				35C669543DEB4759AE64469D /* Inter_24pt-BlackItalic.ttf in Resources */,
				D8027FA6F891403B844A4527 /* Inter_24pt-Bold.ttf in Resources */,
				BE49AB27AF0442188122CABE /* Inter_24pt-BoldItalic.ttf in Resources */,
				D43A21B41EED41DFAC5843C7 /* Inter_24pt-ExtraBold.ttf in Resources */,
				FB145F38F14D4C7DB9B20BB4 /* Inter_24pt-ExtraBoldItalic.ttf in Resources */,
				E976ACB7FA434379839DB6B1 /* Inter_24pt-ExtraLight.ttf in Resources */,
				36B1D251472642F6AB685009 /* Inter_24pt-ExtraLightItalic.ttf in Resources */,
				5F2A8A8FAA734612B405C0A4 /* Inter_24pt-Italic.ttf in Resources */,
				83D66F5E824649B6B677B0E2 /* Inter_24pt-Light.ttf in Resources */,
				FBDD60BD3983408889A5317D /* Inter_24pt-LightItalic.ttf in Resources */,
				87045DEB04EA48DAA64CBC6B /* Inter_24pt-Medium.ttf in Resources */,
				4714C59BE9F6440EA25B5431 /* Inter_24pt-MediumItalic.ttf in Resources */,
				BC58C34CF98B4B05B2BA367D /* Inter_24pt-Regular.ttf in Resources */,
				D1F8F66071984A9283145BD0 /* Inter_24pt-SemiBold.ttf in Resources */,
				C744812B610545A79E3C9BC3 /* Inter_24pt-SemiBoldItalic.ttf in Resources */,
				EBB86F6C11924DC2B481A00B /* Inter_24pt-Thin.ttf in Resources */,
				F2AA661358994AD48D03D06E /* Inter_24pt-ThinItalic.ttf in Resources */,
				02AC01B559BF4C759CC6CB14 /* Inter_28pt-Black.ttf in Resources */,
				9A6149B3770A45AAA06E06A1 /* Inter_28pt-BlackItalic.ttf in Resources */,
				D2064131A5FC4F7CAB26EA13 /* Inter_28pt-Bold.ttf in Resources */,
				35E590962BCD4FE6B2821B54 /* Inter_28pt-BoldItalic.ttf in Resources */,
				CA21E35077DF4A4FAC4B4340 /* Inter_28pt-ExtraBold.ttf in Resources */,
				4E4F5BFFE38E43F8841600E4 /* Inter_28pt-ExtraBoldItalic.ttf in Resources */,
				DB49ABFA420D4F7593445835 /* Inter_28pt-ExtraLight.ttf in Resources */,
				3628A20B0B5642699489B133 /* Inter_28pt-ExtraLightItalic.ttf in Resources */,
				46EBADFBDB5846069E6D14C6 /* Inter_28pt-Italic.ttf in Resources */,
				37D1589D518C4858961C187B /* Inter_28pt-Light.ttf in Resources */,
				CBB5C65049A34ED4ABD23C9D /* Inter_28pt-LightItalic.ttf in Resources */,
				C8E29229244F4A44B7942BB4 /* Inter_28pt-Medium.ttf in Resources */,
				516B799ADB1F417FB38E9136 /* Inter_28pt-MediumItalic.ttf in Resources */,
				24CB0908464B4F02A8FD2EF6 /* Inter_28pt-Regular.ttf in Resources */,
				CAC6C377D04C44F8B641E1A9 /* Inter_28pt-SemiBold.ttf in Resources */,
				F7B0A450E11D4D68A03052D4 /* Inter_28pt-SemiBoldItalic.ttf in Resources */,
				74E26644BB9E4C308AB56F6D /* Inter_28pt-Thin.ttf in Resources */,
				392D6B7EBCB644DA91F45F72 /* Inter_28pt-ThinItalic.ttf in Resources */,
			);
			runOnlyForDeploymentPostprocessing = 0;
		};
/* End PBXResourcesBuildPhase section */

/* Begin PBXShellScriptBuildPhase section */
		00DD1BFF1BD5951E006B06BC /* Bundle React Native code and images */ = {
			isa = PBXShellScriptBuildPhase;
			buildActionMask = 2147483647;
			files = (
			);
			inputPaths = (
				"$(SRCROOT)/.xcode.env.local",
				"$(SRCROOT)/.xcode.env",
			);
			name = "Bundle React Native code and images";
			outputPaths = (
			);
			runOnlyForDeploymentPostprocessing = 0;
			shellPath = /bin/sh;
			shellScript = "set -e\n\nWITH_ENVIRONMENT=\"$REACT_NATIVE_PATH/scripts/xcode/with-environment.sh\"\nREACT_NATIVE_XCODE=\"$REACT_NATIVE_PATH/scripts/react-native-xcode.sh\"\n\n/bin/sh -c \"$WITH_ENVIRONMENT $REACT_NATIVE_XCODE\"\n";
		};
		00EEFC60759A1932668264C0 /* [CP] Embed Pods Frameworks */ = {
			isa = PBXShellScriptBuildPhase;
			buildActionMask = 2147483647;
			files = (
			);
			inputFileListPaths = (
				"${PODS_ROOT}/Target Support Files/Pods-colabore/Pods-colabore-frameworks-${CONFIGURATION}-input-files.xcfilelist",
			);
			name = "[CP] Embed Pods Frameworks";
			outputFileListPaths = (
				"${PODS_ROOT}/Target Support Files/Pods-colabore/Pods-colabore-frameworks-${CONFIGURATION}-output-files.xcfilelist",
			);
			runOnlyForDeploymentPostprocessing = 0;
			shellPath = /bin/sh;
			shellScript = "\"${PODS_ROOT}/Target Support Files/Pods-colabore/Pods-colabore-frameworks.sh\"\n";
			showEnvVarsInLog = 0;
		};
		A55EABD7B0C7F3A422A6CC61 /* [CP] Check Pods Manifest.lock */ = {
			isa = PBXShellScriptBuildPhase;
			buildActionMask = 2147483647;
			files = (
			);
			inputFileListPaths = (
			);
			inputPaths = (
				"${PODS_PODFILE_DIR_PATH}/Podfile.lock",
				"${PODS_ROOT}/Manifest.lock",
			);
			name = "[CP] Check Pods Manifest.lock";
			outputFileListPaths = (
			);
			outputPaths = (
				"$(DERIVED_FILE_DIR)/Pods-colabore-colaboreTests-checkManifestLockResult.txt",
			);
			runOnlyForDeploymentPostprocessing = 0;
			shellPath = /bin/sh;
			shellScript = "diff \"${PODS_PODFILE_DIR_PATH}/Podfile.lock\" \"${PODS_ROOT}/Manifest.lock\" > /dev/null\nif [ $? != 0 ] ; then\n    # print error to STDERR\n    echo \"error: The sandbox is not in sync with the Podfile.lock. Run 'pod install' or update your CocoaPods installation.\" >&2\n    exit 1\nfi\n# This output is used by Xcode 'outputs' to avoid re-running this script phase.\necho \"SUCCESS\" > \"${SCRIPT_OUTPUT_FILE_0}\"\n";
			showEnvVarsInLog = 0;
		};
		C38B50BA6285516D6DCD4F65 /* [CP] Check Pods Manifest.lock */ = {
			isa = PBXShellScriptBuildPhase;
			buildActionMask = 2147483647;
			files = (
			);
			inputFileListPaths = (
			);
			inputPaths = (
				"${PODS_PODFILE_DIR_PATH}/Podfile.lock",
				"${PODS_ROOT}/Manifest.lock",
			);
			name = "[CP] Check Pods Manifest.lock";
			outputFileListPaths = (
			);
			outputPaths = (
				"$(DERIVED_FILE_DIR)/Pods-colabore-checkManifestLockResult.txt",
			);
			runOnlyForDeploymentPostprocessing = 0;
			shellPath = /bin/sh;
			shellScript = "diff \"${PODS_PODFILE_DIR_PATH}/Podfile.lock\" \"${PODS_ROOT}/Manifest.lock\" > /dev/null\nif [ $? != 0 ] ; then\n    # print error to STDERR\n    echo \"error: The sandbox is not in sync with the Podfile.lock. Run 'pod install' or update your CocoaPods installation.\" >&2\n    exit 1\nfi\n# This output is used by Xcode 'outputs' to avoid re-running this script phase.\necho \"SUCCESS\" > \"${SCRIPT_OUTPUT_FILE_0}\"\n";
			showEnvVarsInLog = 0;
		};
		C59DA0FBD6956966B86A3779 /* [CP] Embed Pods Frameworks */ = {
			isa = PBXShellScriptBuildPhase;
			buildActionMask = 2147483647;
			files = (
			);
			inputFileListPaths = (
				"${PODS_ROOT}/Target Support Files/Pods-colabore-colaboreTests/Pods-colabore-colaboreTests-frameworks-${CONFIGURATION}-input-files.xcfilelist",
			);
			name = "[CP] Embed Pods Frameworks";
			outputFileListPaths = (
				"${PODS_ROOT}/Target Support Files/Pods-colabore-colaboreTests/Pods-colabore-colaboreTests-frameworks-${CONFIGURATION}-output-files.xcfilelist",
			);
			runOnlyForDeploymentPostprocessing = 0;
			shellPath = /bin/sh;
			shellScript = "\"${PODS_ROOT}/Target Support Files/Pods-colabore-colaboreTests/Pods-colabore-colaboreTests-frameworks.sh\"\n";
			showEnvVarsInLog = 0;
		};
		E235C05ADACE081382539298 /* [CP] Copy Pods Resources */ = {
			isa = PBXShellScriptBuildPhase;
			buildActionMask = 2147483647;
			files = (
			);
			inputFileListPaths = (
				"${PODS_ROOT}/Target Support Files/Pods-colabore/Pods-colabore-resources-${CONFIGURATION}-input-files.xcfilelist",
			);
			name = "[CP] Copy Pods Resources";
			outputFileListPaths = (
				"${PODS_ROOT}/Target Support Files/Pods-colabore/Pods-colabore-resources-${CONFIGURATION}-output-files.xcfilelist",
			);
			runOnlyForDeploymentPostprocessing = 0;
			shellPath = /bin/sh;
			shellScript = "\"${PODS_ROOT}/Target Support Files/Pods-colabore/Pods-colabore-resources.sh\"\n";
			showEnvVarsInLog = 0;
		};
		F6A41C54EA430FDDC6A6ED99 /* [CP] Copy Pods Resources */ = {
			isa = PBXShellScriptBuildPhase;
			buildActionMask = 2147483647;
			files = (
			);
			inputFileListPaths = (
				"${PODS_ROOT}/Target Support Files/Pods-colabore-colaboreTests/Pods-colabore-colaboreTests-resources-${CONFIGURATION}-input-files.xcfilelist",
			);
			name = "[CP] Copy Pods Resources";
			outputFileListPaths = (
				"${PODS_ROOT}/Target Support Files/Pods-colabore-colaboreTests/Pods-colabore-colaboreTests-resources-${CONFIGURATION}-output-files.xcfilelist",
			);
			runOnlyForDeploymentPostprocessing = 0;
			shellPath = /bin/sh;
			shellScript = "\"${PODS_ROOT}/Target Support Files/Pods-colabore-colaboreTests/Pods-colabore-colaboreTests-resources.sh\"\n";
			showEnvVarsInLog = 0;
		};
/* End PBXShellScriptBuildPhase section */

/* Begin PBXSourcesBuildPhase section */
		00E356EA1AD99517003FC87E /* Sources */ = {
			isa = PBXSourcesBuildPhase;
			buildActionMask = 2147483647;
			files = (
				00E356F31AD99517003FC87E /* colaboreTests.m in Sources */,
			);
			runOnlyForDeploymentPostprocessing = 0;
		};
		13B07F871A680F5B00A75B9A /* Sources */ = {
			isa = PBXSourcesBuildPhase;
			buildActionMask = 2147483647;
			files = (
				13B07FBC1A68108700A75B9A /* AppDelegate.mm in Sources */,
				13B07FC11A68108700A75B9A /* main.m in Sources */,
			);
			runOnlyForDeploymentPostprocessing = 0;
		};
/* End PBXSourcesBuildPhase section */

/* Begin PBXTargetDependency section */
		00E356F51AD99517003FC87E /* PBXTargetDependency */ = {
			isa = PBXTargetDependency;
			target = 13B07F861A680F5B00A75B9A /* colabore */;
			targetProxy = 00E356F41AD99517003FC87E /* PBXContainerItemProxy */;
		};
/* End PBXTargetDependency section */

/* Begin XCBuildConfiguration section */
		00E356F61AD99517003FC87E /* Debug */ = {
			isa = XCBuildConfiguration;
			baseConfigurationReference = 5B7EB9410499542E8C5724F5 /* Pods-colabore-colaboreTests.debug.xcconfig */;
			buildSettings = {
				BUNDLE_LOADER = "$(TEST_HOST)";
				GCC_PREPROCESSOR_DEFINITIONS = (
					"DEBUG=1",
					"$(inherited)",
				);
				INFOPLIST_FILE = colaboreTests/Info.plist;
				IPHONEOS_DEPLOYMENT_TARGET = 15.1;
				LD_RUNPATH_SEARCH_PATHS = (
					"$(inherited)",
					"@executable_path/Frameworks",
					"@loader_path/Frameworks",
				);
				OTHER_LDFLAGS = (
					"-ObjC",
					"-lc++",
					"$(inherited)",
				);
				PRODUCT_BUNDLE_IDENTIFIER = "org.reactjs.native.example.$(PRODUCT_NAME:rfc1034identifier)";
				PRODUCT_NAME = "$(TARGET_NAME)";
				TEST_HOST = "$(BUILT_PRODUCTS_DIR)/colabore.app/colabore";
			};
			name = Debug;
		};
		00E356F71AD99517003FC87E /* Release */ = {
			isa = XCBuildConfiguration;
			baseConfigurationReference = 89C6BE57DB24E9ADA2F236DE /* Pods-colabore-colaboreTests.release.xcconfig */;
			buildSettings = {
				BUNDLE_LOADER = "$(TEST_HOST)";
				COPY_PHASE_STRIP = NO;
				INFOPLIST_FILE = colaboreTests/Info.plist;
				IPHONEOS_DEPLOYMENT_TARGET = 15.1;
				LD_RUNPATH_SEARCH_PATHS = (
					"$(inherited)",
					"@executable_path/Frameworks",
					"@loader_path/Frameworks",
				);
				OTHER_LDFLAGS = (
					"-ObjC",
					"-lc++",
					"$(inherited)",
				);
				PRODUCT_BUNDLE_IDENTIFIER = "org.reactjs.native.example.$(PRODUCT_NAME:rfc1034identifier)";
				PRODUCT_NAME = "$(TARGET_NAME)";
				TEST_HOST = "$(BUILT_PRODUCTS_DIR)/colabore.app/colabore";
			};
			name = Release;
		};
		13B07F941A680F5B00A75B9A /* Debug */ = {
			isa = XCBuildConfiguration;
			baseConfigurationReference = 3B4392A12AC88292D35C810B /* Pods-colabore.debug.xcconfig */;
			buildSettings = {
				ASSETCATALOG_COMPILER_APPICON_NAME = AppIcon;
				CLANG_ENABLE_MODULES = YES;
				CURRENT_PROJECT_VERSION = 1;
				ENABLE_BITCODE = NO;
				INFOPLIST_FILE = colabore/Info.plist;
				IPHONEOS_DEPLOYMENT_TARGET = 15.1;
				LD_RUNPATH_SEARCH_PATHS = (
					"$(inherited)",
					"@executable_path/Frameworks",
				);
				MARKETING_VERSION = 1.0;
				OTHER_LDFLAGS = (
					"$(inherited)",
					"-ObjC",
					"-lc++",
				);
				PRODUCT_BUNDLE_IDENTIFIER = "org.reactjs.native.example.$(PRODUCT_NAME:rfc1034identifier)";
				PRODUCT_NAME = colabore;
				SWIFT_OPTIMIZATION_LEVEL = "-Onone";
				SWIFT_VERSION = 5.0;
				VERSIONING_SYSTEM = "apple-generic";
			};
			name = Debug;
		};
		13B07F951A680F5B00A75B9A /* Release */ = {
			isa = XCBuildConfiguration;
			baseConfigurationReference = 5709B34CF0A7D63546082F79 /* Pods-colabore.release.xcconfig */;
			buildSettings = {
				ASSETCATALOG_COMPILER_APPICON_NAME = AppIcon;
				CLANG_ENABLE_MODULES = YES;
				CURRENT_PROJECT_VERSION = 1;
				INFOPLIST_FILE = colabore/Info.plist;
				IPHONEOS_DEPLOYMENT_TARGET = 15.1;
				LD_RUNPATH_SEARCH_PATHS = (
					"$(inherited)",
					"@executable_path/Frameworks",
				);
				MARKETING_VERSION = 1.0;
				OTHER_LDFLAGS = (
					"$(inherited)",
					"-ObjC",
					"-lc++",
				);
				PRODUCT_BUNDLE_IDENTIFIER = "org.reactjs.native.example.$(PRODUCT_NAME:rfc1034identifier)";
				PRODUCT_NAME = colabore;
				SWIFT_VERSION = 5.0;
				VERSIONING_SYSTEM = "apple-generic";
			};
			name = Release;
		};
		83CBBA201A601CBA00E9B192 /* Debug */ = {
			isa = XCBuildConfiguration;
			buildSettings = {
				ALWAYS_SEARCH_USER_PATHS = NO;
				CLANG_ANALYZER_LOCALIZABILITY_NONLOCALIZED = YES;
				CLANG_CXX_LANGUAGE_STANDARD = "c++20";
				CLANG_CXX_LIBRARY = "libc++";
				CLANG_ENABLE_MODULES = YES;
				CLANG_ENABLE_OBJC_ARC = YES;
				CLANG_WARN_BLOCK_CAPTURE_AUTORELEASING = YES;
				CLANG_WARN_BOOL_CONVERSION = YES;
				CLANG_WARN_COMMA = YES;
				CLANG_WARN_CONSTANT_CONVERSION = YES;
				CLANG_WARN_DEPRECATED_OBJC_IMPLEMENTATIONS = YES;
				CLANG_WARN_DIRECT_OBJC_ISA_USAGE = YES_ERROR;
				CLANG_WARN_EMPTY_BODY = YES;
				CLANG_WARN_ENUM_CONVERSION = YES;
				CLANG_WARN_INFINITE_RECURSION = YES;
				CLANG_WARN_INT_CONVERSION = YES;
				CLANG_WARN_NON_LITERAL_NULL_CONVERSION = YES;
				CLANG_WARN_OBJC_IMPLICIT_RETAIN_SELF = YES;
				CLANG_WARN_OBJC_LITERAL_CONVERSION = YES;
				CLANG_WARN_OBJC_ROOT_CLASS = YES_ERROR;
				CLANG_WARN_QUOTED_INCLUDE_IN_FRAMEWORK_HEADER = YES;
				CLANG_WARN_RANGE_LOOP_ANALYSIS = YES;
				CLANG_WARN_STRICT_PROTOTYPES = YES;
				CLANG_WARN_SUSPICIOUS_MOVE = YES;
				CLANG_WARN_UNREACHABLE_CODE = YES;
				CLANG_WARN__DUPLICATE_METHOD_MATCH = YES;
				"CODE_SIGN_IDENTITY[sdk=iphoneos*]" = "iPhone Developer";
				COPY_PHASE_STRIP = NO;
				ENABLE_STRICT_OBJC_MSGSEND = YES;
				ENABLE_TESTABILITY = YES;
				"EXCLUDED_ARCHS[sdk=iphonesimulator*]" = "";
				GCC_C_LANGUAGE_STANDARD = gnu99;
				GCC_DYNAMIC_NO_PIC = NO;
				GCC_NO_COMMON_BLOCKS = YES;
				GCC_OPTIMIZATION_LEVEL = 0;
				GCC_PREPROCESSOR_DEFINITIONS = (
					"DEBUG=1",
					"$(inherited)",
				);
				GCC_SYMBOLS_PRIVATE_EXTERN = NO;
				GCC_WARN_64_TO_32_BIT_CONVERSION = YES;
				GCC_WARN_ABOUT_RETURN_TYPE = YES_ERROR;
				GCC_WARN_UNDECLARED_SELECTOR = YES;
				GCC_WARN_UNINITIALIZED_AUTOS = YES_AGGRESSIVE;
				GCC_WARN_UNUSED_FUNCTION = YES;
				GCC_WARN_UNUSED_VARIABLE = YES;
				IPHONEOS_DEPLOYMENT_TARGET = 15.1;
				LD_RUNPATH_SEARCH_PATHS = (
					/usr/lib/swift,
					"$(inherited)",
				);
				LIBRARY_SEARCH_PATHS = (
					"\"$(SDKROOT)/usr/lib/swift\"",
					"\"$(TOOLCHAIN_DIR)/usr/lib/swift/$(PLATFORM_NAME)\"",
					"\"$(inherited)\"",
				);
				MTL_ENABLE_DEBUG_INFO = YES;
				ONLY_ACTIVE_ARCH = YES;
				OTHER_CPLUSPLUSFLAGS = (
					"$(OTHER_CFLAGS)",
					"-DFOLLY_NO_CONFIG",
					"-DFOLLY_MOBILE=1",
					"-DFOLLY_USE_LIBCPP=1",
					"-DFOLLY_CFG_NO_COROUTINES=1",
					"-DFOLLY_HAVE_CLOCK_GETTIME=1",
				);
				SDKROOT = iphoneos;
			};
			name = Debug;
		};
		83CBBA211A601CBA00E9B192 /* Release */ = {
			isa = XCBuildConfiguration;
			buildSettings = {
				ALWAYS_SEARCH_USER_PATHS = NO;
				CLANG_ANALYZER_LOCALIZABILITY_NONLOCALIZED = YES;
				CLANG_CXX_LANGUAGE_STANDARD = "c++20";
				CLANG_CXX_LIBRARY = "libc++";
				CLANG_ENABLE_MODULES = YES;
				CLANG_ENABLE_OBJC_ARC = YES;
				CLANG_WARN_BLOCK_CAPTURE_AUTORELEASING = YES;
				CLANG_WARN_BOOL_CONVERSION = YES;
				CLANG_WARN_COMMA = YES;
				CLANG_WARN_CONSTANT_CONVERSION = YES;
				CLANG_WARN_DEPRECATED_OBJC_IMPLEMENTATIONS = YES;
				CLANG_WARN_DIRECT_OBJC_ISA_USAGE = YES_ERROR;
				CLANG_WARN_EMPTY_BODY = YES;
				CLANG_WARN_ENUM_CONVERSION = YES;
				CLANG_WARN_INFINITE_RECURSION = YES;
				CLANG_WARN_INT_CONVERSION = YES;
				CLANG_WARN_NON_LITERAL_NULL_CONVERSION = YES;
				CLANG_WARN_OBJC_IMPLICIT_RETAIN_SELF = YES;
				CLANG_WARN_OBJC_LITERAL_CONVERSION = YES;
				CLANG_WARN_OBJC_ROOT_CLASS = YES_ERROR;
				CLANG_WARN_QUOTED_INCLUDE_IN_FRAMEWORK_HEADER = YES;
				CLANG_WARN_RANGE_LOOP_ANALYSIS = YES;
				CLANG_WARN_STRICT_PROTOTYPES = YES;
				CLANG_WARN_SUSPICIOUS_MOVE = YES;
				CLANG_WARN_UNREACHABLE_CODE = YES;
				CLANG_WARN__DUPLICATE_METHOD_MATCH = YES;
				"CODE_SIGN_IDENTITY[sdk=iphoneos*]" = "iPhone Developer";
				COPY_PHASE_STRIP = YES;
				ENABLE_NS_ASSERTIONS = NO;
				ENABLE_STRICT_OBJC_MSGSEND = YES;
				"EXCLUDED_ARCHS[sdk=iphonesimulator*]" = "";
				GCC_C_LANGUAGE_STANDARD = gnu99;
				GCC_NO_COMMON_BLOCKS = YES;
				GCC_WARN_64_TO_32_BIT_CONVERSION = YES;
				GCC_WARN_ABOUT_RETURN_TYPE = YES_ERROR;
				GCC_WARN_UNDECLARED_SELECTOR = YES;
				GCC_WARN_UNINITIALIZED_AUTOS = YES_AGGRESSIVE;
				GCC_WARN_UNUSED_FUNCTION = YES;
				GCC_WARN_UNUSED_VARIABLE = YES;
				IPHONEOS_DEPLOYMENT_TARGET = 15.1;
				LD_RUNPATH_SEARCH_PATHS = (
					/usr/lib/swift,
					"$(inherited)",
				);
				LIBRARY_SEARCH_PATHS = (
					"\"$(SDKROOT)/usr/lib/swift\"",
					"\"$(TOOLCHAIN_DIR)/usr/lib/swift/$(PLATFORM_NAME)\"",
					"\"$(inherited)\"",
				);
				MTL_ENABLE_DEBUG_INFO = NO;
				OTHER_CPLUSPLUSFLAGS = (
					"$(OTHER_CFLAGS)",
					"-DFOLLY_NO_CONFIG",
					"-DFOLLY_MOBILE=1",
					"-DFOLLY_USE_LIBCPP=1",
					"-DFOLLY_CFG_NO_COROUTINES=1",
					"-DFOLLY_HAVE_CLOCK_GETTIME=1",
				);
				SDKROOT = iphoneos;
				VALIDATE_PRODUCT = YES;
			};
			name = Release;
		};
/* End XCBuildConfiguration section */

/* Begin XCConfigurationList section */
		00E357021AD99517003FC87E /* Build configuration list for PBXNativeTarget "colaboreTests" */ = {
			isa = XCConfigurationList;
			buildConfigurations = (
				00E356F61AD99517003FC87E /* Debug */,
				00E356F71AD99517003FC87E /* Release */,
			);
			defaultConfigurationIsVisible = 0;
			defaultConfigurationName = Release;
		};
		13B07F931A680F5B00A75B9A /* Build configuration list for PBXNativeTarget "colabore" */ = {
			isa = XCConfigurationList;
			buildConfigurations = (
				13B07F941A680F5B00A75B9A /* Debug */,
				13B07F951A680F5B00A75B9A /* Release */,
			);
			defaultConfigurationIsVisible = 0;
			defaultConfigurationName = Release;
		};
		83CBB9FA1A601CBA00E9B192 /* Build configuration list for PBXProject "colabore" */ = {
			isa = XCConfigurationList;
			buildConfigurations = (
				83CBBA201A601CBA00E9B192 /* Debug */,
				83CBBA211A601CBA00E9B192 /* Release */,
			);
			defaultConfigurationIsVisible = 0;
			defaultConfigurationName = Release;
		};
/* End XCConfigurationList section */
	};
	rootObject = 83CBB9F71A601CBA00E9B192 /* Project object */;
}
